
Microsoft Visual Studio Solution File, Format Version 12.00
# Visual Studio Version 17
VisualStudioVersion = 17.4.33205.214
MinimumVisualStudioVersion = 10.0.40219.1
Project("{888888A0-9F3D-457C-B088-3A5042F75D52}") = "LOGITpv22_graafika", "LOGITpv22_graafika.pyproj", "{ECECD56E-F110-4972-BD22-A0A3CD966F40}"
EndProject
Global
	GlobalSection(SolutionConfigurationPlatforms) = preSolution
		Debug|Any CPU = Debug|Any CPU
		Release|Any CPU = Release|Any CPU
	EndGlobalSection
	GlobalSection(ProjectConfigurationPlatforms) = postSolution
		{ECECD56E-F110-4972-BD22-A0A3CD966F40}.Debug|Any CPU.ActiveCfg = Debug|Any CPU
		{ECECD56E-F110-4972-BD22-A0A3CD966F40}.Release|Any CPU.ActiveCfg = Release|Any CPU
	EndGlobalSection
	GlobalSection(SolutionProperties) = preSolution
		HideSolutionNode = FALSE
	EndGlobalSection
	GlobalSection(ExtensibilityGlobals) = postSolution
		SolutionGuid = {41F16D2C-1671-4B50-B0CC-35925E555203}
	EndGlobalSection
EndGlobal
